schema: '2.0'
stages:
  stage_01:
    cmd: python stage_01.py
    deps:
    - path: stage_01.py
      hash: md5
      md5: b0f95ea1f70f41c09218faa76d5f2649
      size: 87
    outs:
    - path: artifact.txt
      hash: md5
      md5: cce40c453a4c1c8f9517aacf22aa3564
      size: 34
  stage_02:
    cmd: python stage_02.py
    deps:
    - path: artifact.txt
      hash: md5
      md5: cce40c453a4c1c8f9517aacf22aa3564
      size: 34
    - path: stage_02.py
      hash: md5
      md5: 5b266c0d8f1308cf93f6f29b10cd5a88
      size: 143
  stage_03:
    cmd: python stage_03.py
    deps:
    - path: artifact.txt
      hash: md5
      md5: 42d810184cb3142c1009c85d06c898a9
      size: 55
    - path: stage_03.py
      hash: md5
      md5: 242501c56c038d2b2e89c224a0ff880b
      size: 192
